<Solution>
  <Configurations>
    <Platform Name="Any CPU" />
    <Platform Name="x64" />
    <Platform Name="x86" />
  </Configurations>
  <Project Path="src/QuickerExpressionEnhanced/QuickerExpressionEnhanced.csproj" />
  <Project Path="tests/QuickerExpressionEnhanced.Tests/QuickerExpressionEnhanced.Tests.csproj" />
</Solution>
