Microsoft Visual Studio Solution File, Format Version 12.00
# Visual Studio Version 17
VisualStudioVersion = 17.0.31903.59
MinimumVisualStudioVersion = 10.0.40219.1
Project("{FAE04EC0-301F-11D3-BF4B-00C04F79EFBC}") = "WordControl", "src\WordControl\WordControl.csproj", "{6F2A5F4D-9B3E-4C3E-9E9B-7C1F8A2E5C11}"
EndProject
Global
	GlobalSection(SolutionConfigurationPlatforms) = preSolution
		Debug|Any CPU = Debug|Any CPU
		Release|Any CPU = Release|Any CPU
	EndGlobalSection
	GlobalSection(ProjectConfigurationPlatforms) = postSolution
		{6F2A5F4D-9B3E-4C3E-9E9B-7C1F8A2E5C11}.Debug|Any CPU.ActiveCfg = Debug|Any CPU
		{6F2A5F4D-9B3E-4C3E-9E9B-7C1F8A2E5C11}.Debug|Any CPU.Build.0 = Debug|Any CPU
		{6F2A5F4D-9B3E-4C3E-9E9B-7C1F8A2E5C11}.Release|Any CPU.ActiveCfg = Release|Any CPU
		{6F2A5F4D-9B3E-4C3E-9E9B-7C1F8A2E5C11}.Release|Any CPU.Build.0 = Release|Any CPU
	EndGlobalSection
	GlobalSection(SolutionProperties) = preSolution
		HideSolutionNode = FALSE
	EndGlobalSection
	GlobalSection(ExtensibilityGlobals) = postSolution
		SolutionGuid = {2B8A4E3C-5D1F-48A7-9F3C-6E7B1A2C9D44}
	EndGlobalSection
EndGlobal


